schema: '2.0'
stages:
  data_ingestion:
    cmd: python src/cnnClassifier/pipeline/stage_01_data_ingestion.py
    deps:
    - path: config/config.yaml
      hash: md5
      md5: bbe4ebf6a255a6f526ba1b96451e1d51
      size: 578
    - path: src/cnnClassifier/pipeline/stage_01_data_ingestion.py
      hash: md5
      md5: caf501a7205ba64b6d4426666570432c
      size: 908
    outs:
    - path: artifacts/data_ingestion/Normal
      hash: md5
      md5: ecd654876d96b5807e33dd225c7acdd6.dir
      size: 287292251
      nfiles: 2283
    - path: artifacts/data_ingestion/Tumor
      hash: md5
      md5: 37b1de021876496dfb2b14eb5e58b2b2.dir
      size: 301155521
      nfiles: 2283
  prepare_base_model:
    cmd: python src/cnnClassifier/pipeline/stage_02_prepare_base_model.py
    deps:
    - path: config/config.yaml
      hash: md5
      md5: bbe4ebf6a255a6f526ba1b96451e1d51
      size: 578
    - path: src/cnnClassifier/pipeline/stage_02_prepare_base_model.py
      hash: md5
      md5: e8e39a301f4b90d1b4f2c86acc66ef32
      size: 999
    params:
      params.yaml:
        CLASSES: 2
        IMAGE_SIZE:
        - 224
        - 224
        - 3
        INCLUDE_TOP: false
        LEARNING_RATE: 0.001
        WEIGHTS: imagenet
    outs:
    - path: artifacts/prepare_base_model
      hash: md5
      md5: 16619364efd23631b5961b08eb686014.dir
      size: 118660666
      nfiles: 10
  training:
    cmd: python src/cnnClassifier/pipeline/stage_03_model_training.py
    deps:
    - path: artifacts/data_ingestion/Normal
      hash: md5
      md5: ecd654876d96b5807e33dd225c7acdd6.dir
      size: 287292251
      nfiles: 2283
    - path: artifacts/data_ingestion/Tumor
      hash: md5
      md5: 37b1de021876496dfb2b14eb5e58b2b2.dir
      size: 301155521
      nfiles: 2283
    - path: artifacts/prepare_base_model
      hash: md5
      md5: b3f3ad2b2384b1ed2d029f21b42e495c.dir
      size: 118054560
      nfiles: 2
    - path: config/config.yaml
      hash: md5
      md5: 94bbe1c63837b80220890bcaca33b190
      size: 585
    - path: src/cnnClassifier/pipeline/stage_03_model_training.py
      hash: md5
      md5: 5e6448878bfb4cfe6a41e7e4a04ed913
      size: 917
    params:
      params.yaml:
        AUGMENTATION: true
        BATCH_SIZE: 16
        EPOCHS: 1
        IMAGE_SIZE:
        - 224
        - 224
        - 3
    outs:
    - path: artifacts/training/model.h5
      hash: md5
      md5: f30cff8e8c1e3459a97b66717f0722b9
      size: 59337520
  evaluation:
    cmd: python src/cnnClassifier/pipeline/stage_04_model_evaluation.py
    deps:
    - path: artifacts/data_ingestion/Normal
      hash: md5
      md5: ecd654876d96b5807e33dd225c7acdd6.dir
      size: 287292251
      nfiles: 2283
    - path: artifacts/data_ingestion/Tumor
      hash: md5
      md5: 37b1de021876496dfb2b14eb5e58b2b2.dir
      size: 301155521
      nfiles: 2283
    - path: artifacts/training/model.h5
      hash: md5
      md5: f30cff8e8c1e3459a97b66717f0722b9
      size: 59337520
    - path: config/config.yaml
      hash: md5
      md5: 94bbe1c63837b80220890bcaca33b190
      size: 585
    - path: src/cnnClassifier/pipeline/stage_04_model_evaluation.py
      hash: md5
      md5: e4ebc8735e61b1547e37bbfb791d1d08
      size: 915
    params:
      params.yaml:
        BATCH_SIZE: 16
        IMAGE_SIZE:
        - 224
        - 224
        - 3
    outs:
    - path: scores.json
      hash: md5
      md5: 71b4fb8a1c537e1ec399a55d0f241d0c
      size: 72
